
Microsoft Visual Studio Solution File, Format Version 12.00
# Visual Studio 15
VisualStudioVersion = 15.0.28010.2016
MinimumVisualStudioVersion = 10.0.40219.1
Project("{FAE04EC0-301F-11D3-BF4B-00C04F79EFBC}") = "GenshinAccount", "GenshinAccount\GenshinAccount.csproj", "{FF81D2D6-6412-4D70-9ECD-7A0D885129D5}"
EndProject
Global
	GlobalSection(SolutionConfigurationPlatforms) = preSolution
		Debug|Any CPU = Debug|Any CPU
		Release|Any CPU = Release|Any CPU
	EndGlobalSection
	GlobalSection(ProjectConfigurationPlatforms) = postSolution
		{FF81D2D6-6412-4D70-9ECD-7A0D885129D5}.Debug|Any CPU.ActiveCfg = Debug|Any CPU
		{FF81D2D6-6412-4D70-9ECD-7A0D885129D5}.Debug|Any CPU.Build.0 = Debug|Any CPU
		{FF81D2D6-6412-4D70-9ECD-7A0D885129D5}.Release|Any CPU.ActiveCfg = Release|Any CPU
		{FF81D2D6-6412-4D70-9ECD-7A0D885129D5}.Release|Any CPU.Build.0 = Release|Any CPU
	EndGlobalSection
	GlobalSection(SolutionProperties) = preSolution
		HideSolutionNode = FALSE
	EndGlobalSection
	GlobalSection(ExtensibilityGlobals) = postSolution
		SolutionGuid = {273BA63E-A491-40B8-BE42-79E4AFEE2A38}
	EndGlobalSection
EndGlobal
